
Microsoft Visual Studio Solution File, Format Version 12.00
# Visual Studio Version 16
VisualStudioVersion = 16.0.31729.503
MinimumVisualStudioVersion = 10.0.40219.1
Project("{9092AA53-FB77-4645-B42D-1CCCA6BD08BD}") = "DeDupe_Server", "DeDupe_Server.njsproj", "{0A9C9BA8-4C21-4717-B43A-123E8F29C343}"
EndProject
Global
	GlobalSection(SolutionConfigurationPlatforms) = preSolution
		Debug|Any CPU = Debug|Any CPU
		Release|Any CPU = Release|Any CPU
	EndGlobalSection
	GlobalSection(ProjectConfigurationPlatforms) = postSolution
		{0A9C9BA8-4C21-4717-B43A-123E8F29C343}.Debug|Any CPU.ActiveCfg = Debug|Any CPU
		{0A9C9BA8-4C21-4717-B43A-123E8F29C343}.Debug|Any CPU.Build.0 = Debug|Any CPU
		{0A9C9BA8-4C21-4717-B43A-123E8F29C343}.Release|Any CPU.ActiveCfg = Release|Any CPU
		{0A9C9BA8-4C21-4717-B43A-123E8F29C343}.Release|Any CPU.Build.0 = Release|Any CPU
	EndGlobalSection
	GlobalSection(SolutionProperties) = preSolution
		HideSolutionNode = FALSE
	EndGlobalSection
	GlobalSection(ExtensibilityGlobals) = postSolution
		SolutionGuid = {F389C7E7-EE51-46A2-8372-7C0388D6ADEB}
	EndGlobalSection
EndGlobal
